
Microsoft Visual Studio Solution File, Format Version 12.00
# Visual Studio Version 16
VisualStudioVersion = 16.0.29709.97
MinimumVisualStudioVersion = 10.0.40219.1
Project("{FAE04EC0-301F-11D3-BF4B-00C04F79EFBC}") = "SawyerRobotRaconteurDriver", "src/SawyerRobotRaconteurDriver.csproj", "{F9A57696-65B6-44D8-8893-95387EEB496F}"
EndProject
Global
	GlobalSection(SolutionConfigurationPlatforms) = preSolution
		Debug|Any CPU = Debug|Any CPU
		Release|Any CPU = Release|Any CPU
	EndGlobalSection
	GlobalSection(ProjectConfigurationPlatforms) = postSolution
		{F9A57696-65B6-44D8-8893-95387EEB496F}.Debug|Any CPU.ActiveCfg = Debug|Any CPU
		{F9A57696-65B6-44D8-8893-95387EEB496F}.Debug|Any CPU.Build.0 = Debug|Any CPU
		{F9A57696-65B6-44D8-8893-95387EEB496F}.Release|Any CPU.ActiveCfg = Release|Any CPU
		{F9A57696-65B6-44D8-8893-95387EEB496F}.Release|Any CPU.Build.0 = Release|Any CPU
	EndGlobalSection
	GlobalSection(SolutionProperties) = preSolution
		HideSolutionNode = FALSE
	EndGlobalSection
	GlobalSection(ExtensibilityGlobals) = postSolution
		SolutionGuid = {9302DCF1-1687-45AE-B6FA-ADE873B2C384}
	EndGlobalSection
EndGlobal
